
Microsoft Visual Studio Solution File, Format Version 12.00
# Visual Studio Version 17
VisualStudioVersion = 17.10.35122.118
MinimumVisualStudioVersion = 10.0.40219.1
Project("{FAE04EC0-301F-11D3-BF4B-00C04F79EFBC}") = "LGSPerformanceTracking", "LGSPerformanceTracking.csproj", "{7413E8E1-92A5-4C87-80DA-C855BC8B2C2F}"
EndProject
Project("{2150E333-8FDC-42A3-9474-1A3956D46DE8}") = "Çözüm Öğeleri", "Çözüm Öğeleri", "{7B954464-5C1F-4130-A028-4F950DA93811}"
EndProject
Global
	GlobalSection(SolutionConfigurationPlatforms) = preSolution
		Debug|Any CPU = Debug|Any CPU
		Release|Any CPU = Release|Any CPU
	EndGlobalSection
	GlobalSection(ProjectConfigurationPlatforms) = postSolution
		{7413E8E1-92A5-4C87-80DA-C855BC8B2C2F}.Debug|Any CPU.ActiveCfg = Debug|Any CPU
		{7413E8E1-92A5-4C87-80DA-C855BC8B2C2F}.Debug|Any CPU.Build.0 = Debug|Any CPU
		{7413E8E1-92A5-4C87-80DA-C855BC8B2C2F}.Release|Any CPU.ActiveCfg = Release|Any CPU
		{7413E8E1-92A5-4C87-80DA-C855BC8B2C2F}.Release|Any CPU.Build.0 = Release|Any CPU
	EndGlobalSection
	GlobalSection(SolutionProperties) = preSolution
		HideSolutionNode = FALSE
	EndGlobalSection
	GlobalSection(ExtensibilityGlobals) = postSolution
		SolutionGuid = {C3CE5688-096A-48DF-A8D7-6B424DBA2F75}
	EndGlobalSection
EndGlobal
